
Microsoft Visual Studio Solution File, Format Version 12.00
# Visual Studio 15
VisualStudioVersion = 15.0.28010.2036
MinimumVisualStudioVersion = 10.0.40219.1
Project("{FAE04EC0-301F-11D3-BF4B-00C04F79EFBC}") = "FastGraph", "FastGraph\FastGraph.csproj", "{FFA866F2-EA0E-4134-847D-8B037062DCCA}"
EndProject
Global
	GlobalSection(SolutionConfigurationPlatforms) = preSolution
		Debug|Any CPU = Debug|Any CPU
		Release|Any CPU = Release|Any CPU
	EndGlobalSection
	GlobalSection(ProjectConfigurationPlatforms) = postSolution
		{FFA866F2-EA0E-4134-847D-8B037062DCCA}.Debug|Any CPU.ActiveCfg = Debug|Any CPU
		{FFA866F2-EA0E-4134-847D-8B037062DCCA}.Debug|Any CPU.Build.0 = Debug|Any CPU
		{FFA866F2-EA0E-4134-847D-8B037062DCCA}.Release|Any CPU.ActiveCfg = Release|Any CPU
		{FFA866F2-EA0E-4134-847D-8B037062DCCA}.Release|Any CPU.Build.0 = Release|Any CPU
	EndGlobalSection
	GlobalSection(SolutionProperties) = preSolution
		HideSolutionNode = FALSE
	EndGlobalSection
	GlobalSection(ExtensibilityGlobals) = postSolution
		SolutionGuid = {E26079AD-6178-414D-A9EF-62F510C454F9}
	EndGlobalSection
EndGlobal
